
Microsoft Visual Studio Solution File, Format Version 12.00
# Visual Studio Version 17
VisualStudioVersion = 17.14.36705.20 d17.14
MinimumVisualStudioVersion = 10.0.40219.1
Project("{FAE04EC0-301F-11D3-BF4B-00C04F79EFBC}") = "ProyectoClima", "ProyectoClima\ProyectoClima.csproj", "{02FA1CBB-037E-4DE6-AB78-8FA6CCC182EB}"
EndProject
Project("{FAE04EC0-301F-11D3-BF4B-00C04F79EFBC}") = "Domain", "Domain\Domain.csproj", "{E759B297-5863-45CB-81B7-9694F0CEB882}"
EndProject
Project("{FAE04EC0-301F-11D3-BF4B-00C04F79EFBC}") = "Infraestructure", "Infraestructure\Infraestructure.csproj", "{71D77FBD-F3F1-499E-818B-7F8CB2E9A4A3}"
EndProject
Project("{FAE04EC0-301F-11D3-BF4B-00C04F79EFBC}") = "Aplication", "Aplication\Aplication.csproj", "{24EEB9F6-3CF3-43D2-8353-F209BADD5D31}"
EndProject
Project("{FAE04EC0-301F-11D3-BF4B-00C04F79EFBC}") = "DomainTests", "Tests\DomainTests\DomainTests.csproj", "{FB2AC3DF-EF50-7502-7024-55777AE8AD00}"
EndProject
Project("{FAE04EC0-301F-11D3-BF4B-00C04F79EFBC}") = "ApplicationTests", "Tests\ApplicationTests\ApplicationTests.csproj", "{A1B2C3D4-E5F6-7890-ABCD-EF1234567890}"
EndProject
Project("{2150E333-8FDC-42A3-9474-1A3956D46DE8}") = "Tests", "Tests", "{02EA681E-C7D8-13C7-8484-4AC65E1B71E8}"
EndProject
Project("{2150E333-8FDC-42A3-9474-1A3956D46DE8}") = "src", "src", "{099BAC10-8E33-4ADF-A886-8B39BE11A300}"
EndProject
Global
	GlobalSection(SolutionConfigurationPlatforms) = preSolution
		Debug|Any CPU = Debug|Any CPU
		Release|Any CPU = Release|Any CPU
	EndGlobalSection
	GlobalSection(ProjectConfigurationPlatforms) = postSolution
		{02FA1CBB-037E-4DE6-AB78-8FA6CCC182EB}.Debug|Any CPU.ActiveCfg = Debug|Any CPU
		{02FA1CBB-037E-4DE6-AB78-8FA6CCC182EB}.Debug|Any CPU.Build.0 = Debug|Any CPU
		{02FA1CBB-037E-4DE6-AB78-8FA6CCC182EB}.Release|Any CPU.ActiveCfg = Release|Any CPU
		{02FA1CBB-037E-4DE6-AB78-8FA6CCC182EB}.Release|Any CPU.Build.0 = Release|Any CPU
		{E759B297-5863-45CB-81B7-9694F0CEB882}.Debug|Any CPU.ActiveCfg = Debug|Any CPU
		{E759B297-5863-45CB-81B7-9694F0CEB882}.Debug|Any CPU.Build.0 = Debug|Any CPU
		{E759B297-5863-45CB-81B7-9694F0CEB882}.Release|Any CPU.ActiveCfg = Release|Any CPU
		{E759B297-5863-45CB-81B7-9694F0CEB882}.Release|Any CPU.Build.0 = Release|Any CPU
		{71D77FBD-F3F1-499E-818B-7F8CB2E9A4A3}.Debug|Any CPU.ActiveCfg = Debug|Any CPU
		{71D77FBD-F3F1-499E-818B-7F8CB2E9A4A3}.Debug|Any CPU.Build.0 = Debug|Any CPU
		{71D77FBD-F3F1-499E-818B-7F8CB2E9A4A3}.Release|Any CPU.ActiveCfg = Release|Any CPU
		{71D77FBD-F3F1-499E-818B-7F8CB2E9A4A3}.Release|Any CPU.Build.0 = Release|Any CPU
		{24EEB9F6-3CF3-43D2-8353-F209BADD5D31}.Debug|Any CPU.ActiveCfg = Debug|Any CPU
		{24EEB9F6-3CF3-43D2-8353-F209BADD5D31}.Debug|Any CPU.Build.0 = Debug|Any CPU
		{24EEB9F6-3CF3-43D2-8353-F209BADD5D31}.Release|Any CPU.ActiveCfg = Release|Any CPU
		{24EEB9F6-3CF3-43D2-8353-F209BADD5D31}.Release|Any CPU.Build.0 = Release|Any CPU
		{FB2AC3DF-EF50-7502-7024-55777AE8AD00}.Debug|Any CPU.ActiveCfg = Debug|Any CPU
		{FB2AC3DF-EF50-7502-7024-55777AE8AD00}.Debug|Any CPU.Build.0 = Debug|Any CPU
		{FB2AC3DF-EF50-7502-7024-55777AE8AD00}.Release|Any CPU.ActiveCfg = Release|Any CPU
		{FB2AC3DF-EF50-7502-7024-55777AE8AD00}.Release|Any CPU.Build.0 = Release|Any CPU
		{A1B2C3D4-E5F6-7890-ABCD-EF1234567890}.Debug|Any CPU.ActiveCfg = Debug|Any CPU
		{A1B2C3D4-E5F6-7890-ABCD-EF1234567890}.Debug|Any CPU.Build.0 = Debug|Any CPU
		{A1B2C3D4-E5F6-7890-ABCD-EF1234567890}.Release|Any CPU.ActiveCfg = Release|Any CPU
		{A1B2C3D4-E5F6-7890-ABCD-EF1234567890}.Release|Any CPU.Build.0 = Release|Any CPU
	EndGlobalSection
	GlobalSection(SolutionProperties) = preSolution
		HideSolutionNode = FALSE
	EndGlobalSection
	GlobalSection(NestedProjects) = preSolution
		{02FA1CBB-037E-4DE6-AB78-8FA6CCC182EB} = {099BAC10-8E33-4ADF-A886-8B39BE11A300}
		{E759B297-5863-45CB-81B7-9694F0CEB882} = {099BAC10-8E33-4ADF-A886-8B39BE11A300}
		{71D77FBD-F3F1-499E-818B-7F8CB2E9A4A3} = {099BAC10-8E33-4ADF-A886-8B39BE11A300}
		{24EEB9F6-3CF3-43D2-8353-F209BADD5D31} = {099BAC10-8E33-4ADF-A886-8B39BE11A300}
		{FB2AC3DF-EF50-7502-7024-55777AE8AD00} = {02EA681E-C7D8-13C7-8484-4AC65E1B71E8}
		{A1B2C3D4-E5F6-7890-ABCD-EF1234567890} = {02EA681E-C7D8-13C7-8484-4AC65E1B71E8}
	EndGlobalSection
	GlobalSection(ExtensibilityGlobals) = postSolution
		SolutionGuid = {00A0E1E7-7040-44E0-A64D-9FC2DD8CE4AE}
	EndGlobalSection
EndGlobal
